# THIS IS AN AUTOGENERATED FILE. DO NOT EDIT THIS FILE DIRECTLY.
# yarn lockfile v1


"@babel/parser@^7.16.4":
  version "7.17.8"
  resolved "https://registry.yarnpkg.com/@babel/parser/-/parser-7.17.8.tgz#2817fb9d885dd8132ea0f8eb615a6388cca1c240"
  integrity sha512-BoHhDJrJXqcg+ZL16Xv39H9n+AqJ4pcDrQBGZN+wHxIysrLZ3/ECwCBUch/1zUNhnsXULcONU3Ei5Hmkfk6kiQ==

"@mdi/font@5.9.55":
  version "5.9.55"
  resolved "https://registry.yarnpkg.com/@mdi/font/-/font-5.9.55.tgz#41acd50b88073ded7095fc3029d8712b6e12f38e"
  integrity sha512-jswRF6q3eq8NWpWiqct6q+6Fg/I7nUhrxYJfiEM8JJpap0wVJLQdbKtyS65GdlK7S7Ytnx3TTi/bmw+tBhkGmg==

"@types/json-schema@^7.0.8":
  version "7.0.11"
  resolved "https://registry.yarnpkg.com/@types/json-schema/-/json-schema-7.0.11.tgz#d421b6c527a3037f7c84433fd2c4229e016863d3"
  integrity sha512-wOuvG1SN4Us4rez+tylwwwCV1psiNVOkJeM3AUWUNWg/jDQY2+HE/444y5gc+jBmRqASOm2Oeh5c1axHobwRKQ==

"@vitejs/plugin-vue@^2.3.0":
  version "2.3.1"
  resolved "https://registry.yarnpkg.com/@vitejs/plugin-vue/-/plugin-vue-2.3.1.tgz#5f286b8d3515381c6d5c8fa8eee5e6335f727e14"
  integrity sha512-YNzBt8+jt6bSwpt7LP890U1UcTOIZZxfpE5WOJ638PNxSEKOqAi0+FSKS0nVeukfdZ0Ai/H7AFd6k3hayfGZqQ==

"@vue/compiler-core@3.2.31":
  version "3.2.31"
  resolved "https://registry.yarnpkg.com/@vue/compiler-core/-/compiler-core-3.2.31.tgz#d38f06c2cf845742403b523ab4596a3fda152e89"
  integrity sha512-aKno00qoA4o+V/kR6i/pE+aP+esng5siNAVQ422TkBNM6qA4veXiZbSe8OTXHXquEi/f6Akc+nLfB4JGfe4/WQ==
  dependencies:
    "@babel/parser" "^7.16.4"
    "@vue/shared" "3.2.31"
    estree-walker "^2.0.2"
    source-map "^0.6.1"

"@vue/compiler-dom@3.2.31":
  version "3.2.31"
  resolved "https://registry.yarnpkg.com/@vue/compiler-dom/-/compiler-dom-3.2.31.tgz#b1b7dfad55c96c8cc2b919cd7eb5fd7e4ddbf00e"
  integrity sha512-60zIlFfzIDf3u91cqfqy9KhCKIJgPeqxgveH2L+87RcGU/alT6BRrk5JtUso0OibH3O7NXuNOQ0cDc9beT0wrg==
  dependencies:
    "@vue/compiler-core" "3.2.31"
    "@vue/shared" "3.2.31"

"@vue/compiler-sfc@3.2.31":
  version "3.2.31"
  resolved "https://registry.yarnpkg.com/@vue/compiler-sfc/-/compiler-sfc-3.2.31.tgz#d02b29c3fe34d599a52c5ae1c6937b4d69f11c2f"
  integrity sha512-748adc9msSPGzXgibHiO6T7RWgfnDcVQD+VVwYgSsyyY8Ans64tALHZANrKtOzvkwznV/F4H7OAod/jIlp/dkQ==
  dependencies:
    "@babel/parser" "^7.16.4"
    "@vue/compiler-core" "3.2.31"
    "@vue/compiler-dom" "3.2.31"
    "@vue/compiler-ssr" "3.2.31"
    "@vue/reactivity-transform" "3.2.31"
    "@vue/shared" "3.2.31"
    estree-walker "^2.0.2"
    magic-string "^0.25.7"
    postcss "^8.1.10"
    source-map "^0.6.1"

"@vue/compiler-ssr@3.2.31":
  version "3.2.31"
  resolved "https://registry.yarnpkg.com/@vue/compiler-ssr/-/compiler-ssr-3.2.31.tgz#4fa00f486c9c4580b40a4177871ebbd650ecb99c"
  integrity sha512-mjN0rqig+A8TVDnsGPYJM5dpbjlXeHUm2oZHZwGyMYiGT/F4fhJf/cXy8QpjnLQK4Y9Et4GWzHn9PS8AHUnSkw==
  dependencies:
    "@vue/compiler-dom" "3.2.31"
    "@vue/shared" "3.2.31"

"@vue/devtools-api@^6.0.0", "@vue/devtools-api@^6.0.0-beta.11":
  version "6.1.4"
  resolved "https://registry.yarnpkg.com/@vue/devtools-api/-/devtools-api-6.1.4.tgz#b4aec2f4b4599e11ba774a50c67fa378c9824e53"
  integrity sha512-IiA0SvDrJEgXvVxjNkHPFfDx6SXw0b/TUkqMcDZWNg9fnCAHbTpoo59YfJ9QLFkwa3raau5vSlRVzMSLDnfdtQ==

"@vue/reactivity-transform@3.2.31":
  version "3.2.31"
  resolved "https://registry.yarnpkg.com/@vue/reactivity-transform/-/reactivity-transform-3.2.31.tgz#0f5b25c24e70edab2b613d5305c465b50fc00911"
  integrity sha512-uS4l4z/W7wXdI+Va5pgVxBJ345wyGFKvpPYtdSgvfJfX/x2Ymm6ophQlXXB6acqGHtXuBqNyyO3zVp9b1r0MOA==
  dependencies:
    "@babel/parser" "^7.16.4"
    "@vue/compiler-core" "3.2.31"
    "@vue/shared" "3.2.31"
    estree-walker "^2.0.2"
    magic-string "^0.25.7"

"@vue/reactivity@3.2.31":
  version "3.2.31"
  resolved "https://registry.yarnpkg.com/@vue/reactivity/-/reactivity-3.2.31.tgz#fc90aa2cdf695418b79e534783aca90d63a46bbd"
  integrity sha512-HVr0l211gbhpEKYr2hYe7hRsV91uIVGFYNHj73njbARVGHQvIojkImKMaZNDdoDZOIkMsBc9a1sMqR+WZwfSCw==
  dependencies:
    "@vue/shared" "3.2.31"

"@vue/runtime-core@3.2.31":
  version "3.2.31"
  resolved "https://registry.yarnpkg.com/@vue/runtime-core/-/runtime-core-3.2.31.tgz#9d284c382f5f981b7a7b5971052a1dc4ef39ac7a"
  integrity sha512-Kcog5XmSY7VHFEMuk4+Gap8gUssYMZ2+w+cmGI6OpZWYOEIcbE0TPzzPHi+8XTzAgx1w/ZxDFcXhZeXN5eKWsA==
  dependencies:
    "@vue/reactivity" "3.2.31"
    "@vue/shared" "3.2.31"

"@vue/runtime-dom@3.2.31":
  version "3.2.31"
  resolved "https://registry.yarnpkg.com/@vue/runtime-dom/-/runtime-dom-3.2.31.tgz#79ce01817cb3caf2c9d923f669b738d2d7953eff"
  integrity sha512-N+o0sICVLScUjfLG7u9u5XCjvmsexAiPt17GNnaWHJUfsKed5e85/A3SWgKxzlxx2SW/Hw7RQxzxbXez9PtY3g==
  dependencies:
    "@vue/runtime-core" "3.2.31"
    "@vue/shared" "3.2.31"
    csstype "^2.6.8"

"@vue/server-renderer@3.2.31":
  version "3.2.31"
  resolved "https://registry.yarnpkg.com/@vue/server-renderer/-/server-renderer-3.2.31.tgz#201e9d6ce735847d5989403af81ef80960da7141"
  integrity sha512-8CN3Zj2HyR2LQQBHZ61HexF5NReqngLT3oahyiVRfSSvak+oAvVmu8iNLSu6XR77Ili2AOpnAt1y8ywjjqtmkg==
  dependencies:
    "@vue/compiler-ssr" "3.2.31"
    "@vue/shared" "3.2.31"

"@vue/shared@3.2.31":
  version "3.2.31"
  resolved "https://registry.yarnpkg.com/@vue/shared/-/shared-3.2.31.tgz#c90de7126d833dcd3a4c7534d534be2fb41faa4e"
  integrity sha512-ymN2pj6zEjiKJZbrf98UM2pfDd6F2H7ksKw7NDt/ZZ1fh5Ei39X5tABugtT03ZRlWd9imccoK0hE8hpjpU7irQ==

"@vuetify/loader-shared@^1.3.0":
  version "1.3.0"
  resolved "https://registry.yarnpkg.com/@vuetify/loader-shared/-/loader-shared-1.3.0.tgz#b8e0de690821e2f1dc15f1a9cdc7cd2760f2975d"
  integrity sha512-sxLvMYUTQCZJ4u6jS6rSWsjfagzytqylFnDuVcUNi0wy4qq5f1zTrHs5tZfRBppERmexeW3e57vqZAUfZPmfUA==
  dependencies:
    find-cache-dir "^3.3.2"
    upath "^2.0.1"

"@vuetify/vite-plugin@^1.0.0-alpha.0":
  version "1.0.0-alpha.10"
  resolved "https://registry.yarnpkg.com/@vuetify/vite-plugin/-/vite-plugin-1.0.0-alpha.10.tgz#68ad93f2c64bb357c762cee27f01f14282a9bbcb"
  integrity sha512-+McI76gXccCi3Ci/Z5YfG81eIW8IJpXKk5G/ljfIoHdez2f+NRqzoPz+v/8K7QCrC6HqfwxJ9ygI9yrvqNpsdw==
  dependencies:
    "@vuetify/loader-shared" "^1.3.0"
    debug "^4.3.3"

ajv-keywords@^3.5.2:
  version "3.5.2"
  resolved "https://registry.yarnpkg.com/ajv-keywords/-/ajv-keywords-3.5.2.tgz#31f29da5ab6e00d1c2d329acf7b5929614d5014d"
  integrity sha512-5p6WTN0DdTGVQk6VjcEju19IgaHudalcfabD7yhDGeA6bcQnmL+CpveLJq/3hvfwd1aof6L386Ougkx6RfyMIQ==

ajv@^6.12.5:
  version "6.12.6"
  resolved "https://registry.yarnpkg.com/ajv/-/ajv-6.12.6.tgz#baf5a62e802b07d977034586f8c3baf5adf26df4"
  integrity sha512-j3fVLgvTo527anyYyJOGTYJbG+vnnQYvE0m5mmkc1TK+nxAppkCLMIL0aZ4dblVCNoGShhm+kzE4ZUykBoMg4g==
  dependencies:
    fast-deep-equal "^3.1.1"
    fast-json-stable-stringify "^2.0.0"
    json-schema-traverse "^0.4.1"
    uri-js "^4.2.2"

anymatch@~3.1.2:
  version "3.1.2"
  resolved "https://registry.yarnpkg.com/anymatch/-/anymatch-3.1.2.tgz#c0557c096af32f106198f4f4e2a383537e378716"
  integrity sha512-P43ePfOAIupkguHUycrc4qJ9kz8ZiuOUijaETwX7THt0Y/GNK7v0aa8rY816xWjZ7rJdA5XdMcpVFTKMq+RvWg==
  dependencies:
    normalize-path "^3.0.0"
    picomatch "^2.0.4"

axios@^0.26.1:
  version "0.26.1"
  resolved "https://registry.yarnpkg.com/axios/-/axios-0.26.1.tgz#1ede41c51fcf51bbbd6fd43669caaa4f0495aaa9"
  integrity sha512-fPwcX4EvnSHuInCMItEhAGnaSEXRBjtzh9fOtsE6E1G6p7vl7edEeZe11QHf18+6+9gR5PbKV/sGKNaD8YaMeA==
  dependencies:
    follow-redirects "^1.14.8"

balanced-match@^1.0.0:
  version "1.0.2"
  resolved "https://registry.yarnpkg.com/balanced-match/-/balanced-match-1.0.2.tgz#e83e3a7e3f300b34cb9d87f615fa0cbf357690ee"
  integrity sha512-3oSeUO0TMV67hN1AmbXsK4yaqU7tjiHlbxRDZOpH0KW9+CeX4bRAaX0Anxt0tx2MrpRpWwQaPwIlISEJhYU5Pw==

big.js@^5.2.2:
  version "5.2.2"
  resolved "https://registry.yarnpkg.com/big.js/-/big.js-5.2.2.tgz#65f0af382f578bcdc742bd9c281e9cb2d7768328"
  integrity sha512-vyL2OymJxmarO8gxMr0mhChsO9QGwhynfuu4+MHTAW6czfq9humCB7rKpUjDd9YUiDPU4mzpyupFSvOClAwbmQ==

binary-extensions@^2.0.0:
  version "2.2.0"
  resolved "https://registry.yarnpkg.com/binary-extensions/-/binary-extensions-2.2.0.tgz#75f502eeaf9ffde42fc98829645be4ea76bd9e2d"
  integrity sha512-jDctJ/IVQbZoJykoeHbhXpOlNBqGNcwXJKJog42E5HDPUwQTSdjCHdihjj0DlnheQ7blbT6dHOafNAiS8ooQKA==

brace-expansion@^1.1.7:
  version "1.1.11"
  resolved "https://registry.yarnpkg.com/brace-expansion/-/brace-expansion-1.1.11.tgz#3c7fcbf529d87226f3d2f52b966ff5271eb441dd"
  integrity sha512-iCuPHDFgrHX7H2vEI/5xpz07zSHB00TpugqhmYtVmMO6518mCuRMoOYFldEBl0g187ufozdaHgWKcYFb61qGiA==
  dependencies:
    balanced-match "^1.0.0"
    concat-map "0.0.1"

braces@~3.0.2:
  version "3.0.2"
  resolved "https://registry.yarnpkg.com/braces/-/braces-3.0.2.tgz#3454e1a462ee8d599e236df336cd9ea4f8afe107"
  integrity sha512-b8um+L1RzM3WDSzvhm6gIz1yfTbBt6YTlcEKAvsmqCZZFw46z626lVj9j1yEPW33H5H+lBQpZMP1k8l+78Ha0A==
  dependencies:
    fill-range "^7.0.1"

callsite@^1.0.0:
  version "1.0.0"
  resolved "https://registry.yarnpkg.com/callsite/-/callsite-1.0.0.tgz#280398e5d664bd74038b6f0905153e6e8af1bc20"
  integrity sha1-KAOY5dZkvXQDi28JBRU+borxvCA=

"chokidar@>=3.0.0 <4.0.0":
  version "3.5.3"
  resolved "https://registry.yarnpkg.com/chokidar/-/chokidar-3.5.3.tgz#1cf37c8707b932bd1af1ae22c0432e2acd1903bd"
  integrity sha512-Dr3sfKRP6oTcjf2JmUmFJfeVMvXBdegxB0iVQ5eb2V10uFJUCAS8OByZdVAyVb8xXNz3GjjTgj9kLWsZTqE6kw==
  dependencies:
    anymatch "~3.1.2"
    braces "~3.0.2"
    glob-parent "~5.1.2"
    is-binary-path "~2.1.0"
    is-glob "~4.0.1"
    normalize-path "~3.0.0"
    readdirp "~3.6.0"
  optionalDependencies:
    fsevents "~2.3.2"

commondir@^1.0.1:
  version "1.0.1"
  resolved "https://registry.yarnpkg.com/commondir/-/commondir-1.0.1.tgz#ddd800da0c66127393cca5950ea968a3aaf1253b"
  integrity sha1-3dgA2gxmEnOTzKWVDqloo6rxJTs=

concat-map@0.0.1:
  version "0.0.1"
  resolved "https://registry.yarnpkg.com/concat-map/-/concat-map-0.0.1.tgz#d8a96bd77fd68df7793a73036a3ba0d5405d477b"
  integrity sha1-2Klr13/Wjfd5OnMDajug1UBdR3s=

csstype@^2.6.8:
  version "2.6.20"
  resolved "https://registry.yarnpkg.com/csstype/-/csstype-2.6.20.tgz#9229c65ea0b260cf4d3d997cb06288e36a8d6dda"
  integrity sha512-/WwNkdXfckNgw6S5R125rrW8ez139lBHWouiBvX8dfMFtcn6V81REDqnH7+CRpRipfYlyU1CmOnOxrmGcFOjeA==

debug@^4.3.3:
  version "4.3.4"
  resolved "https://registry.yarnpkg.com/debug/-/debug-4.3.4.tgz#1319f6579357f2338d3337d2cdd4914bb5dcc865"
  integrity sha512-PRWFHuSU3eDtQJPvnNY7Jcket1j0t5OuOsFzPPzsekD52Zl8qUfFIPEiswXqIvHWGVHOgX+7G/vCNNhehwxfkQ==
  dependencies:
    ms "2.1.2"

decache@^4.6.0:
  version "4.6.1"
  resolved "https://registry.yarnpkg.com/decache/-/decache-4.6.1.tgz#5928bfab97a6fcf22a65047a3d07999af36efaf0"
  integrity sha512-ohApBM8u9ygepJCjgBrEZSSxPjc0T/PJkD+uNyxXPkqudyUpdXpwJYp0VISm2WrPVzASU6DZyIi6BWdyw7uJ2Q==
  dependencies:
    callsite "^1.0.0"

emojis-list@^3.0.0:
  version "3.0.0"
  resolved "https://registry.yarnpkg.com/emojis-list/-/emojis-list-3.0.0.tgz#5570662046ad29e2e916e71aae260abdff4f6a78"
  integrity sha512-/kyM18EfinwXZbno9FyUGeFh87KC8HRQBQGildHZbEuRyWFOmv1U10o9BBp8XVZDVNNuQKyIGIu5ZYAAXJ0V2Q==

esbuild-android-64@0.14.30:
  version "0.14.30"
  resolved "https://registry.yarnpkg.com/esbuild-android-64/-/esbuild-android-64-0.14.30.tgz#9efcdb3d826b9c67705a0c518d361ab44ae4cc5b"
  integrity sha512-vdJ7t8A8msPfKpYUGUV/KaTQRiZ0vDa2XSTlzXVkGGVHLKPeb85PBUtYJcEgw3htW3IdX5i1t1IMdQCwJJgNAg==

esbuild-android-arm64@0.14.30:
  version "0.14.30"
  resolved "https://registry.yarnpkg.com/esbuild-android-arm64/-/esbuild-android-arm64-0.14.30.tgz#7b90fa7578b94da047e0bf3da477cb5775b58664"
  integrity sha512-BdgGfxeA5hBQNErLr7BWJUA8xjflEfyaARICy8e0OJYNSAwDbEzOf8LyiKWSrDcgV129mWhi3VpbNQvOIDEHcg==

esbuild-darwin-64@0.14.30:
  version "0.14.30"
  resolved "https://registry.yarnpkg.com/esbuild-darwin-64/-/esbuild-darwin-64-0.14.30.tgz#275e40eb100286b868d4cd664e6447b53400f7ff"
  integrity sha512-VRaOXMMrsG5n53pl4qFZQdXy2+E0NoLP/QH3aDUI0+bQP+ZHDmbINKcDy2IX7GVFI9kqPS18iJNAs5a6/G2LZg==

esbuild-darwin-arm64@0.14.30:
  version "0.14.30"
  resolved "https://registry.yarnpkg.com/esbuild-darwin-arm64/-/esbuild-darwin-arm64-0.14.30.tgz#c2b8fe03fb0dcee1d227b226c9c921de71e4d411"
  integrity sha512-qDez+fHMOrO9Oc9qjt/x+sy09RJVh62kik5tVybKRLmezeV4qczM9/sAYY57YN0aWLdHbcCj2YqJUWYJNsgKnw==

esbuild-freebsd-64@0.14.30:
  version "0.14.30"
  resolved "https://registry.yarnpkg.com/esbuild-freebsd-64/-/esbuild-freebsd-64-0.14.30.tgz#328bb272ce6cfcae202b6e0a06c240036335cc91"
  integrity sha512-mec1jENcImVVagddZlGWsdAUwBnzR5cgnhzCxv+9fSMxKbx1uZYLLUAnLPp8m/i934zrumR1xGjJ5VoWdPlI2w==

esbuild-freebsd-arm64@0.14.30:
  version "0.14.30"
  resolved "https://registry.yarnpkg.com/esbuild-freebsd-arm64/-/esbuild-freebsd-arm64-0.14.30.tgz#49ce79fa7d7087a941e27432da46bafb5b35a979"
  integrity sha512-cpjbTs6Iok/AfeB0JgTzyUJTMStC1SQULmany5nHx6S4GTkSgaAHuJzZO0GcVWqghI4e0YL/bjXAhN5Mn6feNw==

esbuild-linux-32@0.14.30:
  version "0.14.30"
  resolved "https://registry.yarnpkg.com/esbuild-linux-32/-/esbuild-linux-32-0.14.30.tgz#c473299f5291130f6d4436808603b529ccbfa785"
  integrity sha512-liIONVT4F2kZmOMwtwASqZ8WkIjb5HHBR9HUffdHiuotSTF3CyZO+EJf+Og+SYYuuVIvt0qHNSFjBA/iSESteQ==

esbuild-linux-64@0.14.30:
  version "0.14.30"
  resolved "https://registry.yarnpkg.com/esbuild-linux-64/-/esbuild-linux-64-0.14.30.tgz#b4be59f0665a44574a7617c9db673943da6061f8"
  integrity sha512-LUnpzoMpRqFON5En4qEj6NWiyH6a1K+Y2qYNKrCy5qPTjDoG/EWeqMz69n8Uv7pRuvDKl3FNGJ1dufTrA5i0sw==

esbuild-linux-arm64@0.14.30:
  version "0.14.30"
  resolved "https://registry.yarnpkg.com/esbuild-linux-arm64/-/esbuild-linux-arm64-0.14.30.tgz#78485a9f49858ea69ced85c3dd0fe58d354f20f8"
  integrity sha512-DHZHn6FK5q/KL0fpNT/0jE38Nnyk2rXxKE9WENi95EXtqfOLPgE8tzjTZQNgpr61R95QX4ymQU26ni3IZk8buQ==

esbuild-linux-arm@0.14.30:
  version "0.14.30"
  resolved "https://registry.yarnpkg.com/esbuild-linux-arm/-/esbuild-linux-arm-0.14.30.tgz#00392bbe04ac687dd6d9849ecee302bc27f984f2"
  integrity sha512-97T+bbXnpqf7mfIG49UR7ZSJFGgvc22byn74qw3Kx2GDCBSQoVFjyWuKOHGXp8nXk3XYrdFF+mQ8yQ7aNsgQvg==

esbuild-linux-mips64le@0.14.30:
  version "0.14.30"
  resolved "https://registry.yarnpkg.com/esbuild-linux-mips64le/-/esbuild-linux-mips64le-0.14.30.tgz#cf48a292037c3a9ca3ca84ec0ae4f47bf1247ab4"
  integrity sha512-fLUzTFZ7uknC0aPTk7/lM7NmaG/9ZqE3SaHEphcaM009SZK/mDOvZugWi1ss6WGNhk13dUrhkfHcc4FSb9hYhg==

esbuild-linux-ppc64le@0.14.30:
  version "0.14.30"
  resolved "https://registry.yarnpkg.com/esbuild-linux-ppc64le/-/esbuild-linux-ppc64le-0.14.30.tgz#8e448a54e7040829ee9ecfc68dab0f3a039b1cff"
  integrity sha512-2Oudm2WEfj0dNU9bzIl5L/LrsMEmHWsOsYgJJqu8fDyUDgER+J1d33qz3cUdjsJk7gAENayIxDSpsuCszx0w3A==

esbuild-linux-riscv64@0.14.30:
  version "0.14.30"
  resolved "https://registry.yarnpkg.com/esbuild-linux-riscv64/-/esbuild-linux-riscv64-0.14.30.tgz#118af007f21adb00c4362d5eda3f004290f4d0ef"
  integrity sha512-RPMucPW47rV4t2jlelaE948iCRtbZf5RhifxSwzlpM1Mqdyu99MMNK0w4jFreGTmLN+oGomxIOxD6n+2E/XqHw==

esbuild-linux-s390x@0.14.30:
  version "0.14.30"
  resolved "https://registry.yarnpkg.com/esbuild-linux-s390x/-/esbuild-linux-s390x-0.14.30.tgz#e0649e26d8791bf6265685842dcef732de59b49b"
  integrity sha512-OZ68r7ok6qO7hdwrwQn2p5jbIRRcUcVaAykB7e0uCA0ODwfeGunILM6phJtq2Oz4dlEEFvd+tSuma3paQKwt+A==

esbuild-netbsd-64@0.14.30:
  version "0.14.30"
  resolved "https://registry.yarnpkg.com/esbuild-netbsd-64/-/esbuild-netbsd-64-0.14.30.tgz#7653db21ab4379a1b557f338b040e3493ff5006c"
  integrity sha512-iyejQUKn0TzpPkufq8pSCxOg9NheycQbMbPCmjefTe9wYuUlBt1TcHvdoJnYbQzsAhAh1BNq+s0ycRsIJFZzaQ==

esbuild-openbsd-64@0.14.30:
  version "0.14.30"
  resolved "https://registry.yarnpkg.com/esbuild-openbsd-64/-/esbuild-openbsd-64-0.14.30.tgz#3fad1699cb2ca7a060585356e2881df7b3fa5bb1"
  integrity sha512-UyK1MTMcy4j5fH260fsE1o6MVgWNhb62eCK2yCKCRazZv8Nqdc2WiP9ygjWidmEdCDS+A6MuVp9ozk9uoQtQpA==

esbuild-sunos-64@0.14.30:
  version "0.14.30"
  resolved "https://registry.yarnpkg.com/esbuild-sunos-64/-/esbuild-sunos-64-0.14.30.tgz#2306a178dc2362cf32fc182327c21b49b78ca1a3"
  integrity sha512-aQRtRTNKHB4YuG+xXATe5AoRTNY48IJg5vjE8ElxfmjO9+KdX7MHFkTLhlKevCD6rNANtB3qOlSIeAiXTwHNqw==

esbuild-windows-32@0.14.30:
  version "0.14.30"
  resolved "https://registry.yarnpkg.com/esbuild-windows-32/-/esbuild-windows-32-0.14.30.tgz#ea17b2a9468e346734f926a7edd49de3cc81d12f"
  integrity sha512-9/fb1tPtpacMqxAXp3fGHowUDg/l9dVch5hKmCLEZC6PdGljh6h372zMdJwYfH0Bd5CCPT0Wx95uycBLJiqpXA==

esbuild-windows-64@0.14.30:
  version "0.14.30"
  resolved "https://registry.yarnpkg.com/esbuild-windows-64/-/esbuild-windows-64-0.14.30.tgz#266147f1f45974ac61dece10ab32bc916050dcc2"
  integrity sha512-DHgITeUhPAnN9I5O6QBa1GVyPOhiYCn4S4TtQr7sO4+X0LNyqnlmA1M0qmGkUdDC1QQfjI8uQ4G/whdWb2pWIQ==

esbuild-windows-arm64@0.14.30:
  version "0.14.30"
  resolved "https://registry.yarnpkg.com/esbuild-windows-arm64/-/esbuild-windows-arm64-0.14.30.tgz#8e5e9c2455bffaf3e1a387eee4841f5c3797b8a8"
  integrity sha512-F1kLyQH7zSgjh5eLxogGZN7C9+KNs9m+s7Q6WZoMmCWT/6j998zlaoECHyM8izJRRfsvw2eZlEa1jO6/IOU1AQ==

esbuild@^0.14.27:
  version "0.14.30"
  resolved "https://registry.yarnpkg.com/esbuild/-/esbuild-0.14.30.tgz#8bf6501a58f71e622e7485aeada79c764c1affe4"
  integrity sha512-wCecQSBkIjp2xjuXY+wcXS/PpOQo9rFh4NAKPh4Pm9f3fuLcnxkR0rDzA+mYP88FtXIUcXUyYmaIgfrzRl55jA==
  optionalDependencies:
    esbuild-android-64 "0.14.30"
    esbuild-android-arm64 "0.14.30"
    esbuild-darwin-64 "0.14.30"
    esbuild-darwin-arm64 "0.14.30"
    esbuild-freebsd-64 "0.14.30"
    esbuild-freebsd-arm64 "0.14.30"
    esbuild-linux-32 "0.14.30"
    esbuild-linux-64 "0.14.30"
    esbuild-linux-arm "0.14.30"
    esbuild-linux-arm64 "0.14.30"
    esbuild-linux-mips64le "0.14.30"
    esbuild-linux-ppc64le "0.14.30"
    esbuild-linux-riscv64 "0.14.30"
    esbuild-linux-s390x "0.14.30"
    esbuild-netbsd-64 "0.14.30"
    esbuild-openbsd-64 "0.14.30"
    esbuild-sunos-64 "0.14.30"
    esbuild-windows-32 "0.14.30"
    esbuild-windows-64 "0.14.30"
    esbuild-windows-arm64 "0.14.30"

estree-walker@^2.0.2:
  version "2.0.2"
  resolved "https://registry.yarnpkg.com/estree-walker/-/estree-walker-2.0.2.tgz#52f010178c2a4c117a7757cfe942adb7d2da4cac"
  integrity sha512-Rfkk/Mp/DL7JVje3u18FxFujQlTNR2q6QfMSMB7AvCBx91NGj/ba3kCfza0f6dVDbw7YlRf/nDrn7pQrCCyQ/w==

fast-deep-equal@^3.1.1:
  version "3.1.3"
  resolved "https://registry.yarnpkg.com/fast-deep-equal/-/fast-deep-equal-3.1.3.tgz#3a7d56b559d6cbc3eb512325244e619a65c6c525"
  integrity sha512-f3qQ9oQy9j2AhBe/H9VC91wLmKBCCU/gDOnKNAYG5hswO7BLKj09Hc5HYNz9cGI++xlpDCIgDaitVs03ATR84Q==

fast-json-stable-stringify@^2.0.0:
  version "2.1.0"
  resolved "https://registry.yarnpkg.com/fast-json-stable-stringify/-/fast-json-stable-stringify-2.1.0.tgz#874bf69c6f404c2b5d99c481341399fd55892633"
  integrity sha512-lhd/wF+Lk98HZoTCtlVraHtfh5XYijIjalXck7saUtuanSDyLMxnHhSXEDJqHxD7msR8D0uCmqlkwjCV8xvwHw==

file-loader@^6.2.0:
  version "6.2.0"
  resolved "https://registry.yarnpkg.com/file-loader/-/file-loader-6.2.0.tgz#baef7cf8e1840df325e4390b4484879480eebe4d"
  integrity sha512-qo3glqyTa61Ytg4u73GultjHGjdRyig3tG6lPtyX/jOEJvHif9uB0/OCI2Kif6ctF3caQTW2G5gym21oAsI4pw==
  dependencies:
    loader-utils "^2.0.0"
    schema-utils "^3.0.0"

fill-range@^7.0.1:
  version "7.0.1"
  resolved "https://registry.yarnpkg.com/fill-range/-/fill-range-7.0.1.tgz#1919a6a7c75fe38b2c7c77e5198535da9acdda40"
  integrity sha512-qOo9F+dMUmC2Lcb4BbVvnKJxTPjCm+RRpe4gDuGrzkL7mEVl/djYSu2OdQ2Pa302N4oqkSg9ir6jaLWJ2USVpQ==
  dependencies:
    to-regex-range "^5.0.1"

find-cache-dir@^3.3.2:
  version "3.3.2"
  resolved "https://registry.yarnpkg.com/find-cache-dir/-/find-cache-dir-3.3.2.tgz#b30c5b6eff0730731aea9bbd9dbecbd80256d64b"
  integrity sha512-wXZV5emFEjrridIgED11OoUKLxiYjAcqot/NJdAkOhlJ+vGzwhOAfcG5OX1jP+S0PcjEn8bdMJv+g2jwQ3Onig==
  dependencies:
    commondir "^1.0.1"
    make-dir "^3.0.2"
    pkg-dir "^4.1.0"

find-up@^4.0.0:
  version "4.1.0"
  resolved "https://registry.yarnpkg.com/find-up/-/find-up-4.1.0.tgz#97afe7d6cdc0bc5928584b7c8d7b16e8a9aa5d19"
  integrity sha512-PpOwAdQ/YlXQ2vj8a3h8IipDuYRi3wceVQQGYWxNINccq40Anw7BlsEXCMbt1Zt+OLA6Fq9suIpIWD0OsnISlw==
  dependencies:
    locate-path "^5.0.0"
    path-exists "^4.0.0"

follow-redirects@^1.14.8:
  version "1.14.9"
  resolved "https://registry.yarnpkg.com/follow-redirects/-/follow-redirects-1.14.9.tgz#dd4ea157de7bfaf9ea9b3fbd85aa16951f78d8d7"
  integrity sha512-MQDfihBQYMcyy5dhRDJUHcw7lb2Pv/TuE6xP1vyraLukNDHKbDxDNaOE3NbCAdKQApno+GPRyo1YAp89yCjK4w==

fs.realpath@^1.0.0:
  version "1.0.0"
  resolved "https://registry.yarnpkg.com/fs.realpath/-/fs.realpath-1.0.0.tgz#1504ad2523158caa40db4a2787cb01411994ea4f"
  integrity sha1-FQStJSMVjKpA20onh8sBQRmU6k8=

fsevents@~2.3.2:
  version "2.3.2"
  resolved "https://registry.yarnpkg.com/fsevents/-/fsevents-2.3.2.tgz#8a526f78b8fdf4623b709e0b975c52c24c02fd1a"
  integrity sha512-xiqMQR4xAeHTuB9uWm+fFRcIOgKBMiOBP+eXiyT7jsgVCq1bkVygt00oASowB7EdtpOHaaPgKt812P9ab+DDKA==

function-bind@^1.1.1:
  version "1.1.1"
  resolved "https://registry.yarnpkg.com/function-bind/-/function-bind-1.1.1.tgz#a56899d3ea3c9bab874bb9773b7c5ede92f4895d"
  integrity sha512-yIovAzMX49sF8Yl58fSCWJ5svSLuaibPxXQJFLmBObTuCr0Mf1KiPopGM9NiFjiYBCbfaa2Fh6breQ6ANVTI0A==

glob-parent@~5.1.2:
  version "5.1.2"
  resolved "https://registry.yarnpkg.com/glob-parent/-/glob-parent-5.1.2.tgz#869832c58034fe68a4093c17dc15e8340d8401c4"
  integrity sha512-AOIgSQCepiJYwP3ARnGx+5VnTu2HBYdzbGP45eLw1vr3zB3vZLeyed1sC9hnbcOc9/SrMyM5RPQrkGz4aS9Zow==
  dependencies:
    is-glob "^4.0.1"

glob@^7.0.0:
  version "7.2.0"
  resolved "https://registry.yarnpkg.com/glob/-/glob-7.2.0.tgz#d15535af7732e02e948f4c41628bd910293f6023"
  integrity sha512-lmLf6gtyrPq8tTjSmrO94wBeQbFR3HbLHbuyD69wuyQkImp2hWqMGB47OX65FBkPffO641IP9jWa1z4ivqG26Q==
  dependencies:
    fs.realpath "^1.0.0"
    inflight "^1.0.4"
    inherits "2"
    minimatch "^3.0.4"
    once "^1.3.0"
    path-is-absolute "^1.0.0"

has@^1.0.3:
  version "1.0.3"
  resolved "https://registry.yarnpkg.com/has/-/has-1.0.3.tgz#722d7cbfc1f6aa8241f16dd814e011e1f41e8796"
  integrity sha512-f2dvO0VU6Oej7RkWJGrehjbzMAjFp5/VKPp5tTpWIV4JHHZK1/BxbFRtf/siA2SWTe09caDmVtYYzWEIbBS4zw==
  dependencies:
    function-bind "^1.1.1"

immutable@^4.0.0:
  version "4.0.0"
  resolved "https://registry.yarnpkg.com/immutable/-/immutable-4.0.0.tgz#b86f78de6adef3608395efb269a91462797e2c23"
  integrity sha512-zIE9hX70qew5qTUjSS7wi1iwj/l7+m54KWU247nhM3v806UdGj1yDndXj+IOYxxtW9zyLI+xqFNZjTuDaLUqFw==

inflight@^1.0.4:
  version "1.0.6"
  resolved "https://registry.yarnpkg.com/inflight/-/inflight-1.0.6.tgz#49bd6331d7d02d0c09bc910a1075ba8165b56df9"
  integrity sha1-Sb1jMdfQLQwJvJEKEHW6gWW1bfk=
  dependencies:
    once "^1.3.0"
    wrappy "1"

inherits@2:
  version "2.0.4"
  resolved "https://registry.yarnpkg.com/inherits/-/inherits-2.0.4.tgz#0fa2c64f932917c3433a0ded55363aae37416b7c"
  integrity sha512-k/vGaX4/Yla3WzyMCvTQOXYeIHvqOKtnqBduzTHpzpQZzAskKMhZ2K+EnBiSM9zGSoIFeMpXKxa4dYeZIQqewQ==

inherits@2.0.3:
  version "2.0.3"
  resolved "https://registry.yarnpkg.com/inherits/-/inherits-2.0.3.tgz#633c2c83e3da42a502f52466022480f4208261de"
  integrity sha1-Yzwsg+PaQqUC9SRmAiSA9CCCYd4=

interpret@^1.0.0:
  version "1.4.0"
  resolved "https://registry.yarnpkg.com/interpret/-/interpret-1.4.0.tgz#665ab8bc4da27a774a40584e812e3e0fa45b1a1e"
  integrity sha512-agE4QfB2Lkp9uICn7BAqoscw4SZP9kTE2hxiFI3jBPmXJfdqiahTbUuKGsMoN2GtqL9AxhYioAcVvgsb1HvRbA==

is-binary-path@~2.1.0:
  version "2.1.0"
  resolved "https://registry.yarnpkg.com/is-binary-path/-/is-binary-path-2.1.0.tgz#ea1f7f3b80f064236e83470f86c09c254fb45b09"
  integrity sha512-ZMERYes6pDydyuGidse7OsHxtbI7WVeUEozgR/g7rd0xUimYNlvZRE/K2MgZTjWy725IfelLeVcEM97mmtRGXw==
  dependencies:
    binary-extensions "^2.0.0"

is-core-module@^2.8.1:
  version "2.8.1"
  resolved "https://registry.yarnpkg.com/is-core-module/-/is-core-module-2.8.1.tgz#f59fdfca701d5879d0a6b100a40aa1560ce27211"
  integrity sha512-SdNCUs284hr40hFTFP6l0IfZ/RSrMXF3qgoRHd3/79unUTvrFO/JoXwkGm+5J/Oe3E/b5GsnG330uUNgRpu1PA==
  dependencies:
    has "^1.0.3"

is-extglob@^2.1.1:
  version "2.1.1"
  resolved "https://registry.yarnpkg.com/is-extglob/-/is-extglob-2.1.1.tgz#a88c02535791f02ed37c76a1b9ea9773c833f8c2"
  integrity sha1-qIwCU1eR8C7TfHahueqXc8gz+MI=

is-glob@^4.0.1, is-glob@~4.0.1:
  version "4.0.3"
  resolved "https://registry.yarnpkg.com/is-glob/-/is-glob-4.0.3.tgz#64f61e42cbbb2eec2071a9dac0b28ba1e65d5084"
  integrity sha512-xelSayHH36ZgE7ZWhli7pW34hNbNl8Ojv5KVmkJD4hBdD3th8Tfk9vYasLM+mXWOZhFkgZfxhLSnrwRr4elSSg==
  dependencies:
    is-extglob "^2.1.1"

is-number@^7.0.0:
  version "7.0.0"
  resolved "https://registry.yarnpkg.com/is-number/-/is-number-7.0.0.tgz#7535345b896734d5f80c4d06c50955527a14f12b"
  integrity sha512-41Cifkg6e8TylSpdtTpeLVMqvSBEVzTttHvERD741+pnZ8ANv0004MRL43QKPDlK9cGvNp6NZWZUBlbGXYxxng==

json-schema-traverse@^0.4.1:
  version "0.4.1"
  resolved "https://registry.yarnpkg.com/json-schema-traverse/-/json-schema-traverse-0.4.1.tgz#69f6a87d9513ab8bb8fe63bdb0979c448e684660"
  integrity sha512-xbbCH5dCYU5T8LcEhhuh7HJ88HXuW3qsI3Y0zOZFKfZEHcpWiHU/Jxzk629Brsab/mMiHQti9wMP+845RPe3Vg==

json5@^2.1.2:
  version "2.2.1"
  resolved "https://registry.yarnpkg.com/json5/-/json5-2.2.1.tgz#655d50ed1e6f95ad1a3caababd2b0efda10b395c"
  integrity sha512-1hqLFMSrGHRHxav9q9gNjJ5EXznIxGVO09xQRrwplcS8qs28pZ8s8hupZAmqDwZUmVZ2Qb2jnyPOWcDH8m8dlA==

klona@^2.0.4:
  version "2.0.5"
  resolved "https://registry.yarnpkg.com/klona/-/klona-2.0.5.tgz#d166574d90076395d9963aa7a928fabb8d76afbc"
  integrity sha512-pJiBpiXMbt7dkzXe8Ghj/u4FfXOOa98fPW+bihOJ4SjnoijweJrNThJfd3ifXpXhREjpoF2mZVH1GfS9LV3kHQ==

loader-utils@^2.0.0:
  version "2.0.2"
  resolved "https://registry.yarnpkg.com/loader-utils/-/loader-utils-2.0.2.tgz#d6e3b4fb81870721ae4e0868ab11dd638368c129"
  integrity sha512-TM57VeHptv569d/GKh6TAYdzKblwDNiumOdkFnejjD0XwTH87K90w3O7AiJRqdQoXygvi1VQTJTLGhJl7WqA7A==
  dependencies:
    big.js "^5.2.2"
    emojis-list "^3.0.0"
    json5 "^2.1.2"

locate-path@^5.0.0:
  version "5.0.0"
  resolved "https://registry.yarnpkg.com/locate-path/-/locate-path-5.0.0.tgz#1afba396afd676a6d42504d0a67a3a7eb9f62aa0"
  integrity sha512-t7hw9pI+WvuwNJXwk5zVHpyhIqzg2qTlklJOf0mVxGSbe3Fp2VieZcduNYjaLDoy6p9uGpQEGWG87WpMKlNq8g==
  dependencies:
    p-locate "^4.1.0"

lru-cache@^6.0.0:
  version "6.0.0"
  resolved "https://registry.yarnpkg.com/lru-cache/-/lru-cache-6.0.0.tgz#6d6fe6570ebd96aaf90fcad1dafa3b2566db3a94"
  integrity sha512-Jo6dJ04CmSjuznwJSS3pUeWmd/H0ffTlkXXgwZi+eq1UCmqQwCh+eLsYOYCwY991i2Fah4h1BEMCx4qThGbsiA==
  dependencies:
    yallist "^4.0.0"

magic-string@^0.25.7:
  version "0.25.9"
  resolved "https://registry.yarnpkg.com/magic-string/-/magic-string-0.25.9.tgz#de7f9faf91ef8a1c91d02c2e5314c8277dbcdd1c"
  integrity sha512-RmF0AsMzgt25qzqqLc1+MbHmhdx0ojF2Fvs4XnOqz2ZOBXzzkEwc/dJQZCYHAn7v1jbVOjAZfK8msRn4BxO4VQ==
  dependencies:
    sourcemap-codec "^1.4.8"

make-dir@^3.0.2:
  version "3.1.0"
  resolved "https://registry.yarnpkg.com/make-dir/-/make-dir-3.1.0.tgz#415e967046b3a7f1d185277d84aa58203726a13f"
  integrity sha512-g3FeP20LNwhALb/6Cz6Dd4F2ngze0jz7tbzrD2wAV+o9FeNHe4rL+yK2md0J/fiSf1sa1ADhXqi5+oVwOM/eGw==
  dependencies:
    semver "^6.0.0"

material-design-icons-iconfont@^6.5.0:
  version "6.5.0"
  resolved "https://registry.yarnpkg.com/material-design-icons-iconfont/-/material-design-icons-iconfont-6.5.0.tgz#1e19c88da085aefd9464e526be1a3b52e9daf601"
  integrity sha512-ImxSGnW7o5InRxgpL1UUuTPkBsgjzdQ8m7YBe5SdLfyjfcbIYVSHNHzBablNEVuliRdM8efa6mqiFtt8BQyMwA==

minimatch@^3.0.4:
  version "3.1.2"
  resolved "https://registry.yarnpkg.com/minimatch/-/minimatch-3.1.2.tgz#19cd194bfd3e428f049a70817c038d89ab4be35b"
  integrity sha512-J7p63hRiAjw1NDEww1W7i37+ByIrOWO5XQQAzZ3VOcL0PNybwpfmV/N05zFAzwQ9USyEcX6t3UO+K5aqBQOIHw==
  dependencies:
    brace-expansion "^1.1.7"

ms@2.1.2:
  version "2.1.2"
  resolved "https://registry.yarnpkg.com/ms/-/ms-2.1.2.tgz#d09d1f357b443f493382a8eb3ccd183872ae6009"
  integrity sha512-sGkPx+VjMtmA6MX27oA4FBFELFCZZ4S4XqeGOXCv68tT+jb3vk/RyaKWP0PTKyWtmLSM0b+adUTEvbs1PEaH2w==

nanoid@^3.3.1:
  version "3.3.2"
  resolved "https://registry.yarnpkg.com/nanoid/-/nanoid-3.3.2.tgz#c89622fafb4381cd221421c69ec58547a1eec557"
  integrity sha512-CuHBogktKwpm5g2sRgv83jEy2ijFzBwMoYA60orPDR7ynsLijJDqgsi4RDGj3OJpy3Ieb+LYwiRmIOGyytgITA==

neo-async@^2.6.2:
  version "2.6.2"
  resolved "https://registry.yarnpkg.com/neo-async/-/neo-async-2.6.2.tgz#b4aafb93e3aeb2d8174ca53cf163ab7d7308305f"
  integrity sha512-Yd3UES5mWCSqR+qNT93S3UoYUkqAZ9lLg8a7g9rimsWmYGK8cVToA4/sF3RrshdyV3sAGMXVUmpMYOw+dLpOuw==

normalize-path@^3.0.0, normalize-path@~3.0.0:
  version "3.0.0"
  resolved "https://registry.yarnpkg.com/normalize-path/-/normalize-path-3.0.0.tgz#0dcd69ff23a1c9b11fd0978316644a0388216a65"
  integrity sha512-6eZs5Ls3WtCisHWp9S2GUy8dqkpGi4BVSz3GaqiE6ezub0512ESztXUwUB6C6IKbQkY2Pnb/mD4WYojCRwcwLA==

null-loader@^4.0.1:
  version "4.0.1"
  resolved "https://registry.yarnpkg.com/null-loader/-/null-loader-4.0.1.tgz#8e63bd3a2dd3c64236a4679428632edd0a6dbc6a"
  integrity sha512-pxqVbi4U6N26lq+LmgIbB5XATP0VdZKOG25DhHi8btMmJJefGArFyDg1yc4U3hWCJbMqSrw0qyrz1UQX+qYXqg==
  dependencies:
    loader-utils "^2.0.0"
    schema-utils "^3.0.0"

once@^1.3.0:
  version "1.4.0"
  resolved "https://registry.yarnpkg.com/once/-/once-1.4.0.tgz#583b1aa775961d4b113ac17d9c50baef9dd76bd1"
  integrity sha1-WDsap3WWHUsROsF9nFC6753Xa9E=
  dependencies:
    wrappy "1"

p-limit@^2.2.0:
  version "2.3.0"
  resolved "https://registry.yarnpkg.com/p-limit/-/p-limit-2.3.0.tgz#3dd33c647a214fdfffd835933eb086da0dc21db1"
  integrity sha512-//88mFWSJx8lxCzwdAABTJL2MyWB12+eIY7MDL2SqLmAkeKU9qxRvWuSyTjm3FUmpBEMuFfckAIqEaVGUDxb6w==
  dependencies:
    p-try "^2.0.0"

p-locate@^4.1.0:
  version "4.1.0"
  resolved "https://registry.yarnpkg.com/p-locate/-/p-locate-4.1.0.tgz#a3428bb7088b3a60292f66919278b7c297ad4f07"
  integrity sha512-R79ZZ/0wAxKGu3oYMlz8jy/kbhsNrS7SKZ7PxEHBgJ5+F2mtFW2fK2cOtBh1cHYkQsbzFV7I+EoRKe6Yt0oK7A==
  dependencies:
    p-limit "^2.2.0"

p-try@^2.0.0:
  version "2.2.0"
  resolved "https://registry.yarnpkg.com/p-try/-/p-try-2.2.0.tgz#cb2868540e313d61de58fafbe35ce9004d5540e6"
  integrity sha512-R4nPAVTAU0B9D35/Gk3uJf/7XYbQcyohSKdvAxIRSNghFl4e71hVoGnBNQz9cWaXxO2I10KTC+3jMdvvoKw6dQ==

path-exists@^4.0.0:
  version "4.0.0"
  resolved "https://registry.yarnpkg.com/path-exists/-/path-exists-4.0.0.tgz#513bdbe2d3b95d7762e8c1137efa195c6c61b5b3"
  integrity sha512-ak9Qy5Q7jYb2Wwcey5Fpvg2KoAc/ZIhLSLOSBmRmygPsGwkVVt0fZa0qrtMz+m6tJTAHfZQ8FnmB4MG4LWy7/w==

path-is-absolute@^1.0.0:
  version "1.0.1"
  resolved "https://registry.yarnpkg.com/path-is-absolute/-/path-is-absolute-1.0.1.tgz#174b9268735534ffbc7ace6bf53a5a9e1b5c5f5f"
  integrity sha1-F0uSaHNVNP+8es5r9TpanhtcX18=

path-parse@^1.0.7:
  version "1.0.7"
  resolved "https://registry.yarnpkg.com/path-parse/-/path-parse-1.0.7.tgz#fbc114b60ca42b30d9daf5858e4bd68bbedb6735"
  integrity sha512-LDJzPVEEEPR+y48z93A0Ed0yXb8pAByGWo/k5YYdYgpY2/2EsOsksJrq7lOHxryrVOn1ejG6oAp8ahvOIQD8sw==

path@^0.12.7:
  version "0.12.7"
  resolved "https://registry.yarnpkg.com/path/-/path-0.12.7.tgz#d4dc2a506c4ce2197eb481ebfcd5b36c0140b10f"
  integrity sha1-1NwqUGxM4hl+tIHr/NWzbAFAsQ8=
  dependencies:
    process "^0.11.1"
    util "^0.10.3"

picocolors@^1.0.0:
  version "1.0.0"
  resolved "https://registry.yarnpkg.com/picocolors/-/picocolors-1.0.0.tgz#cb5bdc74ff3f51892236eaf79d68bc44564ab81c"
  integrity sha512-1fygroTLlHu66zi26VoTDv8yRgm0Fccecssto+MhsZ0D/DGW2sm8E8AjW7NU5VVTRt5GxbeZ5qBuJr+HyLYkjQ==

picomatch@^2.0.4, picomatch@^2.2.1:
  version "2.3.1"
  resolved "https://registry.yarnpkg.com/picomatch/-/picomatch-2.3.1.tgz#3ba3833733646d9d3e4995946c1365a67fb07a42"
  integrity sha512-JU3teHTNjmE2VCGFzuY8EXzCDVwEqB2a8fsIvwaStHhAWJEeVd1o1QD80CU6+ZdEXXSLbSsuLwJjkCBWqRQUVA==

pkg-dir@^4.1.0:
  version "4.2.0"
  resolved "https://registry.yarnpkg.com/pkg-dir/-/pkg-dir-4.2.0.tgz#f099133df7ede422e81d1d8448270eeb3e4261f3"
  integrity sha512-HRDzbaKjC+AOWVXxAU/x54COGeIv9eb+6CkDSQoNTt4XyWoIJvuPsXizxu/Fr23EiekbtZwmh1IcIG/l/a10GQ==
  dependencies:
    find-up "^4.0.0"

postcss@^8.1.10, postcss@^8.4.12:
  version "8.4.12"
  resolved "https://registry.yarnpkg.com/postcss/-/postcss-8.4.12.tgz#1e7de78733b28970fa4743f7da6f3763648b1905"
  integrity sha512-lg6eITwYe9v6Hr5CncVbK70SoioNQIq81nsaG86ev5hAidQvmOeETBqs7jm43K2F5/Ley3ytDtriImV6TpNiSg==
  dependencies:
    nanoid "^3.3.1"
    picocolors "^1.0.0"
    source-map-js "^1.0.2"

process@^0.11.1:
  version "0.11.10"
  resolved "https://registry.yarnpkg.com/process/-/process-0.11.10.tgz#7332300e840161bda3e69a1d1d91a7d4bc16f182"
  integrity sha1-czIwDoQBYb2j5podHZGn1LwW8YI=

punycode@^2.1.0:
  version "2.1.1"
  resolved "https://registry.yarnpkg.com/punycode/-/punycode-2.1.1.tgz#b58b010ac40c22c5657616c8d2c2c02c7bf479ec"
  integrity sha512-XRsRjdf+j5ml+y/6GKHPZbrF/8p2Yga0JPtdqTIY2Xe5ohJPD9saDJJLPvp9+NSBprVvevdXZybnj2cv8OEd0A==

querystring@^0.2.1:
  version "0.2.1"
  resolved "https://registry.yarnpkg.com/querystring/-/querystring-0.2.1.tgz#40d77615bb09d16902a85c3e38aa8b5ed761c2dd"
  integrity sha512-wkvS7mL/JMugcup3/rMitHmd9ecIGd2lhFhK9N3UUQ450h66d1r3Y9nvXzQAW1Lq+wyx61k/1pfKS5KuKiyEbg==

readdirp@~3.6.0:
  version "3.6.0"
  resolved "https://registry.yarnpkg.com/readdirp/-/readdirp-3.6.0.tgz#74a370bd857116e245b29cc97340cd431a02a6c7"
  integrity sha512-hOS089on8RduqdbhvQ5Z37A0ESjsqz6qnRcffsMU3495FuTdqSm+7bhJ29JvIOsBDEEnan5DPu9t3To9VRlMzA==
  dependencies:
    picomatch "^2.2.1"

rechoir@^0.6.2:
  version "0.6.2"
  resolved "https://registry.yarnpkg.com/rechoir/-/rechoir-0.6.2.tgz#85204b54dba82d5742e28c96756ef43af50e3384"
  integrity sha1-hSBLVNuoLVdC4oyWdW70OvUOM4Q=
  dependencies:
    resolve "^1.1.6"

resolve@^1.1.6, resolve@^1.22.0:
  version "1.22.0"
  resolved "https://registry.yarnpkg.com/resolve/-/resolve-1.22.0.tgz#5e0b8c67c15df57a89bdbabe603a002f21731198"
  integrity sha512-Hhtrw0nLeSrFQ7phPp4OOcVjLPIeMnRlr5mcnVuMe7M/7eBn98A3hmFRLoFo3DLZkivSYwhRUJTyPyWAk56WLw==
  dependencies:
    is-core-module "^2.8.1"
    path-parse "^1.0.7"
    supports-preserve-symlinks-flag "^1.0.0"

roboto-fontface@*:
  version "0.10.0"
  resolved "https://registry.yarnpkg.com/roboto-fontface/-/roboto-fontface-0.10.0.tgz#7eee40cfa18b1f7e4e605eaf1a2740afb6fd71b0"
  integrity sha512-OlwfYEgA2RdboZohpldlvJ1xngOins5d7ejqnIBWr9KaMxsnBqotpptRXTyfNRLnFpqzX6sTDt+X+a+6udnU8g==

rollup@^2.59.0:
  version "2.70.1"
  resolved "https://registry.yarnpkg.com/rollup/-/rollup-2.70.1.tgz#824b1f1f879ea396db30b0fc3ae8d2fead93523e"
  integrity sha512-CRYsI5EuzLbXdxC6RnYhOuRdtz4bhejPMSWjsFLfVM/7w/85n2szZv6yExqUXsBdz5KT8eoubeyDUDjhLHEslA==
  optionalDependencies:
    fsevents "~2.3.2"

sass-loader@^10.0.0:
  version "10.2.1"
  resolved "https://registry.yarnpkg.com/sass-loader/-/sass-loader-10.2.1.tgz#17e51df313f1a7a203889ce8ff91be362651276e"
  integrity sha512-RRvWl+3K2LSMezIsd008ErK4rk6CulIMSwrcc2aZvjymUgKo/vjXGp1rSWmfTUX7bblEOz8tst4wBwWtCGBqKA==
  dependencies:
    klona "^2.0.4"
    loader-utils "^2.0.0"
    neo-async "^2.6.2"
    schema-utils "^3.0.0"
    semver "^7.3.2"

sass@^1.38.0:
  version "1.49.11"
  resolved "https://registry.yarnpkg.com/sass/-/sass-1.49.11.tgz#1ffeb77faeed8b806a2a1e021d7c9fd3fc322cb7"
  integrity sha512-wvS/geXgHUGs6A/4ud5BFIWKO1nKd7wYIGimDk4q4GFkJicILActpv9ueMT4eRGSsp1BdKHuw1WwAHXbhsJELQ==
  dependencies:
    chokidar ">=3.0.0 <4.0.0"
    immutable "^4.0.0"
    source-map-js ">=0.6.2 <2.0.0"

schema-utils@^3.0.0:
  version "3.1.1"
  resolved "https://registry.yarnpkg.com/schema-utils/-/schema-utils-3.1.1.tgz#bc74c4b6b6995c1d88f76a8b77bea7219e0c8281"
  integrity sha512-Y5PQxS4ITlC+EahLuXaY86TXfR7Dc5lw294alXOq86JAHCihAIZfqv8nNCWvaEJvaC51uN9hbLGeV0cFBdH+Fw==
  dependencies:
    "@types/json-schema" "^7.0.8"
    ajv "^6.12.5"
    ajv-keywords "^3.5.2"

semver@^6.0.0:
  version "6.3.0"
  resolved "https://registry.yarnpkg.com/semver/-/semver-6.3.0.tgz#ee0a64c8af5e8ceea67687b133761e1becbd1d3d"
  integrity sha512-b39TBaTSfV6yBrapU89p5fKekE2m/NwnDocOVruQFS1/veMgdzuPcnOM34M6CwxW8jH/lxEa5rBoDeUwu5HHTw==

semver@^7.1.2, semver@^7.3.2:
  version "7.3.5"
  resolved "https://registry.yarnpkg.com/semver/-/semver-7.3.5.tgz#0b621c879348d8998e4b0e4be94b3f12e6018ef7"
  integrity sha512-PoeGJYh8HK4BTO/a9Tf6ZG3veo/A7ZVsYrSA6J8ny9nb3B1VrpkuN+z9OE5wfE5p6H4LchYZsegiQgbJD94ZFQ==
  dependencies:
    lru-cache "^6.0.0"

shelljs@^0.8.3:
  version "0.8.5"
  resolved "https://registry.yarnpkg.com/shelljs/-/shelljs-0.8.5.tgz#de055408d8361bed66c669d2f000538ced8ee20c"
  integrity sha512-TiwcRcrkhHvbrZbnRcFYMLl30Dfov3HKqzp5tO5b4pt6G/SezKcYhmDg15zXVBswHmctSAQKznqNW2LO5tTDow==
  dependencies:
    glob "^7.0.0"
    interpret "^1.0.0"
    rechoir "^0.6.2"

"source-map-js@>=0.6.2 <2.0.0", source-map-js@^1.0.2:
  version "1.0.2"
  resolved "https://registry.yarnpkg.com/source-map-js/-/source-map-js-1.0.2.tgz#adbc361d9c62df380125e7f161f71c826f1e490c"
  integrity sha512-R0XvVJ9WusLiqTCEiGCmICCMplcCkIwwR11mOSD9CR5u+IXYdiseeEuXCVAjS54zqwkLcPNnmU4OeJ6tUrWhDw==

source-map@^0.6.1:
  version "0.6.1"
  resolved "https://registry.yarnpkg.com/source-map/-/source-map-0.6.1.tgz#74722af32e9614e9c287a8d0bbde48b5e2f1a263"
  integrity sha512-UjgapumWlbMhkBgzT7Ykc5YXUT46F0iKu8SGXq0bcwP5dz/h0Plj6enJqjz1Zbq2l5WaqYnrVbwWOWMyF3F47g==

sourcemap-codec@^1.4.8:
  version "1.4.8"
  resolved "https://registry.yarnpkg.com/sourcemap-codec/-/sourcemap-codec-1.4.8.tgz#ea804bd94857402e6992d05a38ef1ae35a9ab4c4"
  integrity sha512-9NykojV5Uih4lgo5So5dtw+f0JgJX30KCNI8gwhz2J9A15wD0Ml6tjHKwf6fTSa6fAdVBdZeNOs9eJ71qCk8vA==

supports-preserve-symlinks-flag@^1.0.0:
  version "1.0.0"
  resolved "https://registry.yarnpkg.com/supports-preserve-symlinks-flag/-/supports-preserve-symlinks-flag-1.0.0.tgz#6eda4bd344a3c94aea376d4cc31bc77311039e09"
  integrity sha512-ot0WnXS9fgdkgIcePe6RHNk1WA8+muPa6cSjeR3V8K27q9BB1rTE3R1p7Hv0z1ZyAc8s6Vvv8DIyWf681MAt0w==

to-regex-range@^5.0.1:
  version "5.0.1"
  resolved "https://registry.yarnpkg.com/to-regex-range/-/to-regex-range-5.0.1.tgz#1648c44aae7c8d988a326018ed72f5b4dd0392e4"
  integrity sha512-65P7iz6X5yEr1cwcgvQxbbIw7Uk3gOy5dIdtZ4rDveLqhrdJP+Li/Hx6tyK0NEb+2GCyneCMJiGqrADCSNk8sQ==
  dependencies:
    is-number "^7.0.0"

upath@^2.0.1:
  version "2.0.1"
  resolved "https://registry.yarnpkg.com/upath/-/upath-2.0.1.tgz#50c73dea68d6f6b990f51d279ce6081665d61a8b"
  integrity sha512-1uEe95xksV1O0CYKXo8vQvN1JEbtJp7lb7C5U9HMsIp6IVwntkH/oNUzyVNQSd4S1sYk2FpSSW44FqMc8qee5w==

uri-js@^4.2.2:
  version "4.4.1"
  resolved "https://registry.yarnpkg.com/uri-js/-/uri-js-4.4.1.tgz#9b1a52595225859e55f669d928f88c6c57f2a77e"
  integrity sha512-7rKUyy33Q1yc98pQ1DAmLtwX109F7TIfWlW1Ydo8Wl1ii1SeHieeh0HHfPeL2fMXK6z0s8ecKs9frCuLJvndBg==
  dependencies:
    punycode "^2.1.0"

util@^0.10.3:
  version "0.10.4"
  resolved "https://registry.yarnpkg.com/util/-/util-0.10.4.tgz#3aa0125bfe668a4672de58857d3ace27ecb76901"
  integrity sha512-0Pm9hTQ3se5ll1XihRic3FDIku70C+iHUdT/W926rSgHV5QgXsYbKZN8MSC3tJtSkhuROzvsQjAaFENRXr+19A==
  dependencies:
    inherits "2.0.3"

vite@^2.9.1:
  version "2.9.1"
  resolved "https://registry.yarnpkg.com/vite/-/vite-2.9.1.tgz#84bce95fae210a7beb566a0af06246748066b48f"
  integrity sha512-vSlsSdOYGcYEJfkQ/NeLXgnRv5zZfpAsdztkIrs7AZHV8RCMZQkwjo4DS5BnrYTqoWqLoUe1Cah4aVO4oNNqCQ==
  dependencies:
    esbuild "^0.14.27"
    postcss "^8.4.12"
    resolve "^1.22.0"
    rollup "^2.59.0"
  optionalDependencies:
    fsevents "~2.3.2"

vue-cli-plugin-vuetify@~2.4.8:
  version "2.4.8"
  resolved "https://registry.yarnpkg.com/vue-cli-plugin-vuetify/-/vue-cli-plugin-vuetify-2.4.8.tgz#f731768b247fb0faf71c0de79752a939e6829cbd"
  integrity sha512-1e8tVbJNQPLpdJgx8tlsCrFVSKrohLe5axWwolOuMr9k++X1pg95jiqBxYZdhh7tIl9bNh4wzVPPGQzTIpoS+Q==
  dependencies:
    null-loader "^4.0.1"
    semver "^7.1.2"
    shelljs "^0.8.3"

vue-router@4:
  version "4.0.14"
  resolved "https://registry.yarnpkg.com/vue-router/-/vue-router-4.0.14.tgz#ce2028c1c5c33e30c7287950c973f397fce1bd65"
  integrity sha512-wAO6zF9zxA3u+7AkMPqw9LjoUCjSxfFvINQj3E/DceTt6uEz1XZLraDhdg2EYmvVwTBSGlLYsUw8bDmx0754Mw==
  dependencies:
    "@vue/devtools-api" "^6.0.0"

vue@^3.2.31:
  version "3.2.31"
  resolved "https://registry.yarnpkg.com/vue/-/vue-3.2.31.tgz#e0c49924335e9f188352816788a4cca10f817ce6"
  integrity sha512-odT3W2tcffTiQCy57nOT93INw1auq5lYLLYtWpPYQQYQOOdHiqFct9Xhna6GJ+pJQaF67yZABraH47oywkJgFw==
  dependencies:
    "@vue/compiler-dom" "3.2.31"
    "@vue/compiler-sfc" "3.2.31"
    "@vue/runtime-dom" "3.2.31"
    "@vue/server-renderer" "3.2.31"
    "@vue/shared" "3.2.31"

vuetify-loader@^2.0.0-alpha.0:
  version "2.0.0-alpha.9"
  resolved "https://registry.yarnpkg.com/vuetify-loader/-/vuetify-loader-2.0.0-alpha.9.tgz#0a108b1ac11fc8af63046b16321505b444c04746"
  integrity sha512-M4u2XX9coe1U51jLKek54eJTo7wnroNfglh6sQplRTslhQRKQM3k84oh87D0VHqTzoTzlKPHP0sIWdpklwaEEQ==
  dependencies:
    "@vuetify/loader-shared" "^1.3.0"
    decache "^4.6.0"
    file-loader "^6.2.0"
    find-cache-dir "^3.3.2"
    loader-utils "^2.0.0"
    null-loader "^4.0.1"
    querystring "^0.2.1"
    upath "^2.0.1"

vuetify@^3.0.0-beta.0:
  version "3.0.0-beta.0"
  resolved "https://registry.yarnpkg.com/vuetify/-/vuetify-3.0.0-beta.0.tgz#68a13159e8290786736aa907b1038e0de4c87338"
  integrity sha512-/xDoSTs1l/s9jkFwQ5uK9ok9py0TsImRENA7DrAJnsgx5cwH9yEvS3XJOUOsH3ra+VYt5xZP7Pfh8/HtBQaAlw==

vuex@^4.0.2:
  version "4.0.2"
  resolved "https://registry.yarnpkg.com/vuex/-/vuex-4.0.2.tgz#f896dbd5bf2a0e963f00c67e9b610de749ccacc9"
  integrity sha512-M6r8uxELjZIK8kTKDGgZTYX/ahzblnzC4isU1tpmEuOIIKmV+TRdc+H4s8ds2NuZ7wpUTdGRzJRtoj+lI+pc0Q==
  dependencies:
    "@vue/devtools-api" "^6.0.0-beta.11"

webfontloader@^1.0.0:
  version "1.6.28"
  resolved "https://registry.yarnpkg.com/webfontloader/-/webfontloader-1.6.28.tgz#db786129253cb6e8eae54c2fb05f870af6675bae"
  integrity sha1-23hhKSU8tujq5UwvsF+HCvZnW64=

wrappy@1:
  version "1.0.2"
  resolved "https://registry.yarnpkg.com/wrappy/-/wrappy-1.0.2.tgz#b5243d8f3ec1aa35f1364605bc0d1036e30ab69f"
  integrity sha1-tSQ9jz7BqjXxNkYFvA0QNuMKtp8=

yallist@^4.0.0:
  version "4.0.0"
  resolved "https://registry.yarnpkg.com/yallist/-/yallist-4.0.0.tgz#9bb92790d9c0effec63be73519e11a35019a3a72"
  integrity sha512-3wdGidZyq5PB084XLES5TpOSRA3wjXAlIWMhum2kRcv/41Sn2emQ0dycQW4uZXLejwKvg6EsvbdlVL+FYEct7A==
